
Microsoft Visual Studio Solution File, Format Version 12.00
# Visual Studio Version 17
VisualStudioVersion = 17.6.33829.357
MinimumVisualStudioVersion = 10.0.40219.1
Project("{2150E333-8FDC-42A3-9474-1A3956D46DE8}") = "Source", "Source", "{E29CFE86-9A98-4B08-B7C8-FCD86043BE85}"
EndProject
Project("{2150E333-8FDC-42A3-9474-1A3956D46DE8}") = "Platforms", "Platforms", "{0F3E23F1-73F2-46A3-9098-A961541568E6}"
EndProject
Project("{9A19103F-16F7-4668-BE54-9A1E7A4F7556}") = "UnoApp1", "UnoApp1\UnoApp1.csproj", "{E73598CA-55F5-4257-870A-74C8F9B7860F}"
EndProject
Project("{9A19103F-16F7-4668-BE54-9A1E7A4F7556}") = "UnoApp1.Mobile", "UnoApp1.Mobile\UnoApp1.Mobile.csproj", "{47CE2C20-CBED-4162-BEF1-45C39AE578C2}"
EndProject
Project("{9A19103F-16F7-4668-BE54-9A1E7A4F7556}") = "UnoApp1.Windows", "UnoApp1.Windows\UnoApp1.Windows.csproj", "{12AF4F86-A8BC-4292-9274-66F1C5C5934D}"
EndProject
Project("{9A19103F-16F7-4668-BE54-9A1E7A4F7556}") = "UnoApp1.Wasm", "UnoApp1.Wasm\UnoApp1.Wasm.csproj", "{12D52269-E3B5-427F-AD87-6B31763ADEE2}"
EndProject
Project("{9A19103F-16F7-4668-BE54-9A1E7A4F7556}") = "UnoApp1.Skia.Gtk", "UnoApp1.Skia.Gtk\UnoApp1.Skia.Gtk.csproj", "{4F0B9E49-931B-475F-A981-2E4A0D315DC8}"
EndProject
Global
	GlobalSection(SolutionConfigurationPlatforms) = preSolution
		Debug|Any CPU = Debug|Any CPU
		Debug|arm64 = Debug|arm64
		Debug|x64 = Debug|x64
		Debug|x86 = Debug|x86
		Release|Any CPU = Release|Any CPU
		Release|arm64 = Release|arm64
		Release|x64 = Release|x64
		Release|x86 = Release|x86
	EndGlobalSection
	GlobalSection(ProjectConfigurationPlatforms) = postSolution
		{E73598CA-55F5-4257-870A-74C8F9B7860F}.Debug|Any CPU.ActiveCfg = Debug|Any CPU
		{E73598CA-55F5-4257-870A-74C8F9B7860F}.Debug|Any CPU.Build.0 = Debug|Any CPU
		{E73598CA-55F5-4257-870A-74C8F9B7860F}.Debug|arm64.ActiveCfg = Debug|Any CPU
		{E73598CA-55F5-4257-870A-74C8F9B7860F}.Debug|arm64.Build.0 = Debug|Any CPU
		{E73598CA-55F5-4257-870A-74C8F9B7860F}.Debug|x64.ActiveCfg = Debug|Any CPU
		{E73598CA-55F5-4257-870A-74C8F9B7860F}.Debug|x64.Build.0 = Debug|Any CPU
		{E73598CA-55F5-4257-870A-74C8F9B7860F}.Debug|x86.ActiveCfg = Debug|Any CPU
		{E73598CA-55F5-4257-870A-74C8F9B7860F}.Debug|x86.Build.0 = Debug|Any CPU
		{E73598CA-55F5-4257-870A-74C8F9B7860F}.Release|Any CPU.ActiveCfg = Release|Any CPU
		{E73598CA-55F5-4257-870A-74C8F9B7860F}.Release|Any CPU.Build.0 = Release|Any CPU
		{E73598CA-55F5-4257-870A-74C8F9B7860F}.Release|arm64.ActiveCfg = Release|Any CPU
		{E73598CA-55F5-4257-870A-74C8F9B7860F}.Release|arm64.Build.0 = Release|Any CPU
		{E73598CA-55F5-4257-870A-74C8F9B7860F}.Release|x64.ActiveCfg = Release|Any CPU
		{E73598CA-55F5-4257-870A-74C8F9B7860F}.Release|x64.Build.0 = Release|Any CPU
		{E73598CA-55F5-4257-870A-74C8F9B7860F}.Release|x86.ActiveCfg = Release|Any CPU
		{E73598CA-55F5-4257-870A-74C8F9B7860F}.Release|x86.Build.0 = Release|Any CPU
		{47CE2C20-CBED-4162-BEF1-45C39AE578C2}.Debug|Any CPU.ActiveCfg = Debug|Any CPU
		{47CE2C20-CBED-4162-BEF1-45C39AE578C2}.Debug|Any CPU.Build.0 = Debug|Any CPU
		{47CE2C20-CBED-4162-BEF1-45C39AE578C2}.Debug|Any CPU.Deploy.0 = Debug|Any CPU
		{47CE2C20-CBED-4162-BEF1-45C39AE578C2}.Debug|arm64.ActiveCfg = Debug|Any CPU
		{47CE2C20-CBED-4162-BEF1-45C39AE578C2}.Debug|arm64.Build.0 = Debug|Any CPU
		{47CE2C20-CBED-4162-BEF1-45C39AE578C2}.Debug|arm64.Deploy.0 = Debug|Any CPU
		{47CE2C20-CBED-4162-BEF1-45C39AE578C2}.Debug|x64.ActiveCfg = Debug|Any CPU
		{47CE2C20-CBED-4162-BEF1-45C39AE578C2}.Debug|x64.Build.0 = Debug|Any CPU
		{47CE2C20-CBED-4162-BEF1-45C39AE578C2}.Debug|x64.Deploy.0 = Debug|Any CPU
		{47CE2C20-CBED-4162-BEF1-45C39AE578C2}.Debug|x86.ActiveCfg = Debug|Any CPU
		{47CE2C20-CBED-4162-BEF1-45C39AE578C2}.Debug|x86.Build.0 = Debug|Any CPU
		{47CE2C20-CBED-4162-BEF1-45C39AE578C2}.Debug|x86.Deploy.0 = Debug|Any CPU
		{47CE2C20-CBED-4162-BEF1-45C39AE578C2}.Release|Any CPU.ActiveCfg = Release|Any CPU
		{47CE2C20-CBED-4162-BEF1-45C39AE578C2}.Release|Any CPU.Build.0 = Release|Any CPU
		{47CE2C20-CBED-4162-BEF1-45C39AE578C2}.Release|Any CPU.Deploy.0 = Release|Any CPU
		{47CE2C20-CBED-4162-BEF1-45C39AE578C2}.Release|arm64.ActiveCfg = Release|Any CPU
		{47CE2C20-CBED-4162-BEF1-45C39AE578C2}.Release|arm64.Build.0 = Release|Any CPU
		{47CE2C20-CBED-4162-BEF1-45C39AE578C2}.Release|arm64.Deploy.0 = Release|Any CPU
		{47CE2C20-CBED-4162-BEF1-45C39AE578C2}.Release|x64.ActiveCfg = Release|Any CPU
		{47CE2C20-CBED-4162-BEF1-45C39AE578C2}.Release|x64.Build.0 = Release|Any CPU
		{47CE2C20-CBED-4162-BEF1-45C39AE578C2}.Release|x64.Deploy.0 = Release|Any CPU
		{47CE2C20-CBED-4162-BEF1-45C39AE578C2}.Release|x86.ActiveCfg = Release|Any CPU
		{47CE2C20-CBED-4162-BEF1-45C39AE578C2}.Release|x86.Build.0 = Release|Any CPU
		{47CE2C20-CBED-4162-BEF1-45C39AE578C2}.Release|x86.Deploy.0 = Release|Any CPU
		{12AF4F86-A8BC-4292-9274-66F1C5C5934D}.Debug|Any CPU.ActiveCfg = Debug|x64
		{12AF4F86-A8BC-4292-9274-66F1C5C5934D}.Debug|Any CPU.Build.0 = Debug|x64
		{12AF4F86-A8BC-4292-9274-66F1C5C5934D}.Debug|Any CPU.Deploy.0 = Debug|x64
		{12AF4F86-A8BC-4292-9274-66F1C5C5934D}.Debug|arm64.ActiveCfg = Debug|arm64
		{12AF4F86-A8BC-4292-9274-66F1C5C5934D}.Debug|arm64.Build.0 = Debug|arm64
		{12AF4F86-A8BC-4292-9274-66F1C5C5934D}.Debug|arm64.Deploy.0 = Debug|arm64
		{12AF4F86-A8BC-4292-9274-66F1C5C5934D}.Debug|x64.ActiveCfg = Debug|x64
		{12AF4F86-A8BC-4292-9274-66F1C5C5934D}.Debug|x64.Build.0 = Debug|x64
		{12AF4F86-A8BC-4292-9274-66F1C5C5934D}.Debug|x64.Deploy.0 = Debug|x64
		{12AF4F86-A8BC-4292-9274-66F1C5C5934D}.Debug|x86.ActiveCfg = Debug|x86
		{12AF4F86-A8BC-4292-9274-66F1C5C5934D}.Debug|x86.Build.0 = Debug|x86
		{12AF4F86-A8BC-4292-9274-66F1C5C5934D}.Debug|x86.Deploy.0 = Debug|x86
		{12AF4F86-A8BC-4292-9274-66F1C5C5934D}.Release|Any CPU.ActiveCfg = Release|x64
		{12AF4F86-A8BC-4292-9274-66F1C5C5934D}.Release|Any CPU.Build.0 = Release|x64
		{12AF4F86-A8BC-4292-9274-66F1C5C5934D}.Release|Any CPU.Deploy.0 = Release|x64
		{12AF4F86-A8BC-4292-9274-66F1C5C5934D}.Release|arm64.ActiveCfg = Release|arm64
		{12AF4F86-A8BC-4292-9274-66F1C5C5934D}.Release|arm64.Build.0 = Release|arm64
		{12AF4F86-A8BC-4292-9274-66F1C5C5934D}.Release|arm64.Deploy.0 = Release|arm64
		{12AF4F86-A8BC-4292-9274-66F1C5C5934D}.Release|x64.ActiveCfg = Release|x64
		{12AF4F86-A8BC-4292-9274-66F1C5C5934D}.Release|x64.Build.0 = Release|x64
		{12AF4F86-A8BC-4292-9274-66F1C5C5934D}.Release|x64.Deploy.0 = Release|x64
		{12AF4F86-A8BC-4292-9274-66F1C5C5934D}.Release|x86.ActiveCfg = Release|x86
		{12AF4F86-A8BC-4292-9274-66F1C5C5934D}.Release|x86.Build.0 = Release|x86
		{12AF4F86-A8BC-4292-9274-66F1C5C5934D}.Release|x86.Deploy.0 = Release|x86
		{12D52269-E3B5-427F-AD87-6B31763ADEE2}.Debug|Any CPU.ActiveCfg = Debug|Any CPU
		{12D52269-E3B5-427F-AD87-6B31763ADEE2}.Debug|Any CPU.Build.0 = Debug|Any CPU
		{12D52269-E3B5-427F-AD87-6B31763ADEE2}.Debug|arm64.ActiveCfg = Debug|Any CPU
		{12D52269-E3B5-427F-AD87-6B31763ADEE2}.Debug|arm64.Build.0 = Debug|Any CPU
		{12D52269-E3B5-427F-AD87-6B31763ADEE2}.Debug|x64.ActiveCfg = Debug|Any CPU
		{12D52269-E3B5-427F-AD87-6B31763ADEE2}.Debug|x64.Build.0 = Debug|Any CPU
		{12D52269-E3B5-427F-AD87-6B31763ADEE2}.Debug|x86.ActiveCfg = Debug|Any CPU
		{12D52269-E3B5-427F-AD87-6B31763ADEE2}.Debug|x86.Build.0 = Debug|Any CPU
		{12D52269-E3B5-427F-AD87-6B31763ADEE2}.Release|Any CPU.ActiveCfg = Release|Any CPU
		{12D52269-E3B5-427F-AD87-6B31763ADEE2}.Release|Any CPU.Build.0 = Release|Any CPU
		{12D52269-E3B5-427F-AD87-6B31763ADEE2}.Release|arm64.ActiveCfg = Release|Any CPU
		{12D52269-E3B5-427F-AD87-6B31763ADEE2}.Release|arm64.Build.0 = Release|Any CPU
		{12D52269-E3B5-427F-AD87-6B31763ADEE2}.Release|x64.ActiveCfg = Release|Any CPU
		{12D52269-E3B5-427F-AD87-6B31763ADEE2}.Release|x64.Build.0 = Release|Any CPU
		{12D52269-E3B5-427F-AD87-6B31763ADEE2}.Release|x86.ActiveCfg = Release|Any CPU
		{12D52269-E3B5-427F-AD87-6B31763ADEE2}.Release|x86.Build.0 = Release|Any CPU
		{4F0B9E49-931B-475F-A981-2E4A0D315DC8}.Debug|Any CPU.ActiveCfg = Debug|Any CPU
		{4F0B9E49-931B-475F-A981-2E4A0D315DC8}.Debug|Any CPU.Build.0 = Debug|Any CPU
		{4F0B9E49-931B-475F-A981-2E4A0D315DC8}.Debug|arm64.ActiveCfg = Debug|Any CPU
		{4F0B9E49-931B-475F-A981-2E4A0D315DC8}.Debug|arm64.Build.0 = Debug|Any CPU
		{4F0B9E49-931B-475F-A981-2E4A0D315DC8}.Debug|x64.ActiveCfg = Debug|Any CPU
		{4F0B9E49-931B-475F-A981-2E4A0D315DC8}.Debug|x64.Build.0 = Debug|Any CPU
		{4F0B9E49-931B-475F-A981-2E4A0D315DC8}.Debug|x86.ActiveCfg = Debug|Any CPU
		{4F0B9E49-931B-475F-A981-2E4A0D315DC8}.Debug|x86.Build.0 = Debug|Any CPU
		{4F0B9E49-931B-475F-A981-2E4A0D315DC8}.Release|Any CPU.ActiveCfg = Release|Any CPU
		{4F0B9E49-931B-475F-A981-2E4A0D315DC8}.Release|Any CPU.Build.0 = Release|Any CPU
		{4F0B9E49-931B-475F-A981-2E4A0D315DC8}.Release|arm64.ActiveCfg = Release|Any CPU
		{4F0B9E49-931B-475F-A981-2E4A0D315DC8}.Release|arm64.Build.0 = Release|Any CPU
		{4F0B9E49-931B-475F-A981-2E4A0D315DC8}.Release|x64.ActiveCfg = Release|Any CPU
		{4F0B9E49-931B-475F-A981-2E4A0D315DC8}.Release|x64.Build.0 = Release|Any CPU
		{4F0B9E49-931B-475F-A981-2E4A0D315DC8}.Release|x86.ActiveCfg = Release|Any CPU
		{4F0B9E49-931B-475F-A981-2E4A0D315DC8}.Release|x86.Build.0 = Release|Any CPU
	EndGlobalSection
	GlobalSection(SolutionProperties) = preSolution
		HideSolutionNode = FALSE
	EndGlobalSection
	GlobalSection(NestedProjects) = preSolution
		{0F3E23F1-73F2-46A3-9098-A961541568E6} = {E29CFE86-9A98-4B08-B7C8-FCD86043BE85}
		{E73598CA-55F5-4257-870A-74C8F9B7860F} = {E29CFE86-9A98-4B08-B7C8-FCD86043BE85}
		{47CE2C20-CBED-4162-BEF1-45C39AE578C2} = {0F3E23F1-73F2-46A3-9098-A961541568E6}
		{12AF4F86-A8BC-4292-9274-66F1C5C5934D} = {0F3E23F1-73F2-46A3-9098-A961541568E6}
		{12D52269-E3B5-427F-AD87-6B31763ADEE2} = {0F3E23F1-73F2-46A3-9098-A961541568E6}
		{4F0B9E49-931B-475F-A981-2E4A0D315DC8} = {0F3E23F1-73F2-46A3-9098-A961541568E6}
	EndGlobalSection
	GlobalSection(ExtensibilityGlobals) = postSolution
		SolutionGuid = {82615C39-8AB2-405B-BBA0-AAA30074B1A9}
	EndGlobalSection
EndGlobal
