
Microsoft Visual Studio Solution File, Format Version 12.00
# Visual Studio Version 17
VisualStudioVersion = 17.7.34018.315
MinimumVisualStudioVersion = 10.0.40219.1
Project("{2150E333-8FDC-42A3-9474-1A3956D46DE8}") = "Source", "Source", "{A10CF9B9-D904-4323-B987-D66E0A86460F}"
EndProject
Project("{2150E333-8FDC-42A3-9474-1A3956D46DE8}") = "Platforms", "Platforms", "{B14914A0-686C-439C-9073-41AD24CC494D}"
EndProject
Project("{9A19103F-16F7-4668-BE54-9A1E7A4F7556}") = "UnoApp1", "UnoApp1\UnoApp1.csproj", "{3AB182D0-FD39-44EA-AAE3-93224A934697}"
EndProject
Project("{9A19103F-16F7-4668-BE54-9A1E7A4F7556}") = "UnoApp1.Base", "UnoApp1.Base\UnoApp1.Base.csproj", "{06C81C00-DC33-4C45-B27C-DA4740932B14}"
EndProject
Project("{9A19103F-16F7-4668-BE54-9A1E7A4F7556}") = "UnoApp1.Mobile", "UnoApp1.Mobile\UnoApp1.Mobile.csproj", "{E29AD8DB-59A3-4B82-A50D-7F783BB44CF6}"
EndProject
Project("{9A19103F-16F7-4668-BE54-9A1E7A4F7556}") = "UnoApp1.Windows", "UnoApp1.Windows\UnoApp1.Windows.csproj", "{E7DA76CF-69D8-4A7F-B3DA-B5AB54AB7DBA}"
EndProject
Project("{9A19103F-16F7-4668-BE54-9A1E7A4F7556}") = "UnoApp1.Wasm", "UnoApp1.Wasm\UnoApp1.Wasm.csproj", "{3229E0AB-275E-4668-BA1C-C5FA3A2F4747}"
EndProject
Project("{9A19103F-16F7-4668-BE54-9A1E7A4F7556}") = "UnoApp1.Skia.Gtk", "UnoApp1.Skia.Gtk\UnoApp1.Skia.Gtk.csproj", "{BDBD6A08-BC11-470F-BB58-584ED0A7C6BD}"
EndProject
Project("{2150E333-8FDC-42A3-9474-1A3956D46DE8}") = "Solution Items", "Solution Items", "{FE5FE936-D853-4B4F-ACBC-96C7BA0B0E5E}"
	ProjectSection(SolutionItems) = preProject
		.gitignore = .gitignore
		Directory.Build.props = Directory.Build.props
		Directory.Build.targets = Directory.Build.targets
		Directory.Packages.props = Directory.Packages.props
		solution-config.props.sample = solution-config.props.sample
	EndProjectSection
EndProject
Global
	GlobalSection(SolutionConfigurationPlatforms) = preSolution
		Debug|Any CPU = Debug|Any CPU
		Debug|arm64 = Debug|arm64
		Debug|x64 = Debug|x64
		Debug|x86 = Debug|x86
		Release|Any CPU = Release|Any CPU
		Release|arm64 = Release|arm64
		Release|x64 = Release|x64
		Release|x86 = Release|x86
	EndGlobalSection
	GlobalSection(ProjectConfigurationPlatforms) = postSolution
		{3AB182D0-FD39-44EA-AAE3-93224A934697}.Debug|Any CPU.ActiveCfg = Debug|Any CPU
		{3AB182D0-FD39-44EA-AAE3-93224A934697}.Debug|Any CPU.Build.0 = Debug|Any CPU
		{3AB182D0-FD39-44EA-AAE3-93224A934697}.Debug|arm64.ActiveCfg = Debug|Any CPU
		{3AB182D0-FD39-44EA-AAE3-93224A934697}.Debug|arm64.Build.0 = Debug|Any CPU
		{3AB182D0-FD39-44EA-AAE3-93224A934697}.Debug|x64.ActiveCfg = Debug|Any CPU
		{3AB182D0-FD39-44EA-AAE3-93224A934697}.Debug|x64.Build.0 = Debug|Any CPU
		{3AB182D0-FD39-44EA-AAE3-93224A934697}.Debug|x86.ActiveCfg = Debug|Any CPU
		{3AB182D0-FD39-44EA-AAE3-93224A934697}.Debug|x86.Build.0 = Debug|Any CPU
		{3AB182D0-FD39-44EA-AAE3-93224A934697}.Release|Any CPU.ActiveCfg = Release|Any CPU
		{3AB182D0-FD39-44EA-AAE3-93224A934697}.Release|Any CPU.Build.0 = Release|Any CPU
		{3AB182D0-FD39-44EA-AAE3-93224A934697}.Release|arm64.ActiveCfg = Release|Any CPU
		{3AB182D0-FD39-44EA-AAE3-93224A934697}.Release|arm64.Build.0 = Release|Any CPU
		{3AB182D0-FD39-44EA-AAE3-93224A934697}.Release|x64.ActiveCfg = Release|Any CPU
		{3AB182D0-FD39-44EA-AAE3-93224A934697}.Release|x64.Build.0 = Release|Any CPU
		{3AB182D0-FD39-44EA-AAE3-93224A934697}.Release|x86.ActiveCfg = Release|Any CPU
		{3AB182D0-FD39-44EA-AAE3-93224A934697}.Release|x86.Build.0 = Release|Any CPU
		{06C81C00-DC33-4C45-B27C-DA4740932B14}.Debug|Any CPU.ActiveCfg = Debug|Any CPU
		{06C81C00-DC33-4C45-B27C-DA4740932B14}.Debug|Any CPU.Build.0 = Debug|Any CPU
		{06C81C00-DC33-4C45-B27C-DA4740932B14}.Debug|arm64.ActiveCfg = Debug|Any CPU
		{06C81C00-DC33-4C45-B27C-DA4740932B14}.Debug|arm64.Build.0 = Debug|Any CPU
		{06C81C00-DC33-4C45-B27C-DA4740932B14}.Debug|x64.ActiveCfg = Debug|Any CPU
		{06C81C00-DC33-4C45-B27C-DA4740932B14}.Debug|x64.Build.0 = Debug|Any CPU
		{06C81C00-DC33-4C45-B27C-DA4740932B14}.Debug|x86.ActiveCfg = Debug|Any CPU
		{06C81C00-DC33-4C45-B27C-DA4740932B14}.Debug|x86.Build.0 = Debug|Any CPU
		{06C81C00-DC33-4C45-B27C-DA4740932B14}.Release|Any CPU.ActiveCfg = Release|Any CPU
		{06C81C00-DC33-4C45-B27C-DA4740932B14}.Release|Any CPU.Build.0 = Release|Any CPU
		{06C81C00-DC33-4C45-B27C-DA4740932B14}.Release|arm64.ActiveCfg = Release|Any CPU
		{06C81C00-DC33-4C45-B27C-DA4740932B14}.Release|arm64.Build.0 = Release|Any CPU
		{06C81C00-DC33-4C45-B27C-DA4740932B14}.Release|x64.ActiveCfg = Release|Any CPU
		{06C81C00-DC33-4C45-B27C-DA4740932B14}.Release|x64.Build.0 = Release|Any CPU
		{06C81C00-DC33-4C45-B27C-DA4740932B14}.Release|x86.ActiveCfg = Release|Any CPU
		{06C81C00-DC33-4C45-B27C-DA4740932B14}.Release|x86.Build.0 = Release|Any CPU
		{E29AD8DB-59A3-4B82-A50D-7F783BB44CF6}.Debug|Any CPU.ActiveCfg = Debug|Any CPU
		{E29AD8DB-59A3-4B82-A50D-7F783BB44CF6}.Debug|Any CPU.Build.0 = Debug|Any CPU
		{E29AD8DB-59A3-4B82-A50D-7F783BB44CF6}.Debug|Any CPU.Deploy.0 = Debug|Any CPU
		{E29AD8DB-59A3-4B82-A50D-7F783BB44CF6}.Debug|arm64.ActiveCfg = Debug|Any CPU
		{E29AD8DB-59A3-4B82-A50D-7F783BB44CF6}.Debug|arm64.Build.0 = Debug|Any CPU
		{E29AD8DB-59A3-4B82-A50D-7F783BB44CF6}.Debug|arm64.Deploy.0 = Debug|Any CPU
		{E29AD8DB-59A3-4B82-A50D-7F783BB44CF6}.Debug|x64.ActiveCfg = Debug|Any CPU
		{E29AD8DB-59A3-4B82-A50D-7F783BB44CF6}.Debug|x64.Build.0 = Debug|Any CPU
		{E29AD8DB-59A3-4B82-A50D-7F783BB44CF6}.Debug|x64.Deploy.0 = Debug|Any CPU
		{E29AD8DB-59A3-4B82-A50D-7F783BB44CF6}.Debug|x86.ActiveCfg = Debug|Any CPU
		{E29AD8DB-59A3-4B82-A50D-7F783BB44CF6}.Debug|x86.Build.0 = Debug|Any CPU
		{E29AD8DB-59A3-4B82-A50D-7F783BB44CF6}.Debug|x86.Deploy.0 = Debug|Any CPU
		{E29AD8DB-59A3-4B82-A50D-7F783BB44CF6}.Release|Any CPU.ActiveCfg = Release|Any CPU
		{E29AD8DB-59A3-4B82-A50D-7F783BB44CF6}.Release|Any CPU.Build.0 = Release|Any CPU
		{E29AD8DB-59A3-4B82-A50D-7F783BB44CF6}.Release|Any CPU.Deploy.0 = Release|Any CPU
		{E29AD8DB-59A3-4B82-A50D-7F783BB44CF6}.Release|arm64.ActiveCfg = Release|Any CPU
		{E29AD8DB-59A3-4B82-A50D-7F783BB44CF6}.Release|arm64.Build.0 = Release|Any CPU
		{E29AD8DB-59A3-4B82-A50D-7F783BB44CF6}.Release|arm64.Deploy.0 = Release|Any CPU
		{E29AD8DB-59A3-4B82-A50D-7F783BB44CF6}.Release|x64.ActiveCfg = Release|Any CPU
		{E29AD8DB-59A3-4B82-A50D-7F783BB44CF6}.Release|x64.Build.0 = Release|Any CPU
		{E29AD8DB-59A3-4B82-A50D-7F783BB44CF6}.Release|x64.Deploy.0 = Release|Any CPU
		{E29AD8DB-59A3-4B82-A50D-7F783BB44CF6}.Release|x86.ActiveCfg = Release|Any CPU
		{E29AD8DB-59A3-4B82-A50D-7F783BB44CF6}.Release|x86.Build.0 = Release|Any CPU
		{E29AD8DB-59A3-4B82-A50D-7F783BB44CF6}.Release|x86.Deploy.0 = Release|Any CPU
		{E7DA76CF-69D8-4A7F-B3DA-B5AB54AB7DBA}.Debug|Any CPU.ActiveCfg = Debug|x64
		{E7DA76CF-69D8-4A7F-B3DA-B5AB54AB7DBA}.Debug|Any CPU.Build.0 = Debug|x64
		{E7DA76CF-69D8-4A7F-B3DA-B5AB54AB7DBA}.Debug|Any CPU.Deploy.0 = Debug|x64
		{E7DA76CF-69D8-4A7F-B3DA-B5AB54AB7DBA}.Debug|arm64.ActiveCfg = Debug|arm64
		{E7DA76CF-69D8-4A7F-B3DA-B5AB54AB7DBA}.Debug|arm64.Build.0 = Debug|arm64
		{E7DA76CF-69D8-4A7F-B3DA-B5AB54AB7DBA}.Debug|arm64.Deploy.0 = Debug|arm64
		{E7DA76CF-69D8-4A7F-B3DA-B5AB54AB7DBA}.Debug|x64.ActiveCfg = Debug|x64
		{E7DA76CF-69D8-4A7F-B3DA-B5AB54AB7DBA}.Debug|x64.Build.0 = Debug|x64
		{E7DA76CF-69D8-4A7F-B3DA-B5AB54AB7DBA}.Debug|x64.Deploy.0 = Debug|x64
		{E7DA76CF-69D8-4A7F-B3DA-B5AB54AB7DBA}.Debug|x86.ActiveCfg = Debug|x86
		{E7DA76CF-69D8-4A7F-B3DA-B5AB54AB7DBA}.Debug|x86.Build.0 = Debug|x86
		{E7DA76CF-69D8-4A7F-B3DA-B5AB54AB7DBA}.Debug|x86.Deploy.0 = Debug|x86
		{E7DA76CF-69D8-4A7F-B3DA-B5AB54AB7DBA}.Release|Any CPU.ActiveCfg = Release|x64
		{E7DA76CF-69D8-4A7F-B3DA-B5AB54AB7DBA}.Release|Any CPU.Build.0 = Release|x64
		{E7DA76CF-69D8-4A7F-B3DA-B5AB54AB7DBA}.Release|Any CPU.Deploy.0 = Release|x64
		{E7DA76CF-69D8-4A7F-B3DA-B5AB54AB7DBA}.Release|arm64.ActiveCfg = Release|arm64
		{E7DA76CF-69D8-4A7F-B3DA-B5AB54AB7DBA}.Release|arm64.Build.0 = Release|arm64
		{E7DA76CF-69D8-4A7F-B3DA-B5AB54AB7DBA}.Release|arm64.Deploy.0 = Release|arm64
		{E7DA76CF-69D8-4A7F-B3DA-B5AB54AB7DBA}.Release|x64.ActiveCfg = Release|x64
		{E7DA76CF-69D8-4A7F-B3DA-B5AB54AB7DBA}.Release|x64.Build.0 = Release|x64
		{E7DA76CF-69D8-4A7F-B3DA-B5AB54AB7DBA}.Release|x64.Deploy.0 = Release|x64
		{E7DA76CF-69D8-4A7F-B3DA-B5AB54AB7DBA}.Release|x86.ActiveCfg = Release|x86
		{E7DA76CF-69D8-4A7F-B3DA-B5AB54AB7DBA}.Release|x86.Build.0 = Release|x86
		{E7DA76CF-69D8-4A7F-B3DA-B5AB54AB7DBA}.Release|x86.Deploy.0 = Release|x86
		{3229E0AB-275E-4668-BA1C-C5FA3A2F4747}.Debug|Any CPU.ActiveCfg = Debug|Any CPU
		{3229E0AB-275E-4668-BA1C-C5FA3A2F4747}.Debug|Any CPU.Build.0 = Debug|Any CPU
		{3229E0AB-275E-4668-BA1C-C5FA3A2F4747}.Debug|arm64.ActiveCfg = Debug|Any CPU
		{3229E0AB-275E-4668-BA1C-C5FA3A2F4747}.Debug|arm64.Build.0 = Debug|Any CPU
		{3229E0AB-275E-4668-BA1C-C5FA3A2F4747}.Debug|x64.ActiveCfg = Debug|Any CPU
		{3229E0AB-275E-4668-BA1C-C5FA3A2F4747}.Debug|x64.Build.0 = Debug|Any CPU
		{3229E0AB-275E-4668-BA1C-C5FA3A2F4747}.Debug|x86.ActiveCfg = Debug|Any CPU
		{3229E0AB-275E-4668-BA1C-C5FA3A2F4747}.Debug|x86.Build.0 = Debug|Any CPU
		{3229E0AB-275E-4668-BA1C-C5FA3A2F4747}.Release|Any CPU.ActiveCfg = Release|Any CPU
		{3229E0AB-275E-4668-BA1C-C5FA3A2F4747}.Release|Any CPU.Build.0 = Release|Any CPU
		{3229E0AB-275E-4668-BA1C-C5FA3A2F4747}.Release|arm64.ActiveCfg = Release|Any CPU
		{3229E0AB-275E-4668-BA1C-C5FA3A2F4747}.Release|arm64.Build.0 = Release|Any CPU
		{3229E0AB-275E-4668-BA1C-C5FA3A2F4747}.Release|x64.ActiveCfg = Release|Any CPU
		{3229E0AB-275E-4668-BA1C-C5FA3A2F4747}.Release|x64.Build.0 = Release|Any CPU
		{3229E0AB-275E-4668-BA1C-C5FA3A2F4747}.Release|x86.ActiveCfg = Release|Any CPU
		{3229E0AB-275E-4668-BA1C-C5FA3A2F4747}.Release|x86.Build.0 = Release|Any CPU
		{BDBD6A08-BC11-470F-BB58-584ED0A7C6BD}.Debug|Any CPU.ActiveCfg = Debug|Any CPU
		{BDBD6A08-BC11-470F-BB58-584ED0A7C6BD}.Debug|Any CPU.Build.0 = Debug|Any CPU
		{BDBD6A08-BC11-470F-BB58-584ED0A7C6BD}.Debug|arm64.ActiveCfg = Debug|Any CPU
		{BDBD6A08-BC11-470F-BB58-584ED0A7C6BD}.Debug|arm64.Build.0 = Debug|Any CPU
		{BDBD6A08-BC11-470F-BB58-584ED0A7C6BD}.Debug|x64.ActiveCfg = Debug|Any CPU
		{BDBD6A08-BC11-470F-BB58-584ED0A7C6BD}.Debug|x64.Build.0 = Debug|Any CPU
		{BDBD6A08-BC11-470F-BB58-584ED0A7C6BD}.Debug|x86.ActiveCfg = Debug|Any CPU
		{BDBD6A08-BC11-470F-BB58-584ED0A7C6BD}.Debug|x86.Build.0 = Debug|Any CPU
		{BDBD6A08-BC11-470F-BB58-584ED0A7C6BD}.Release|Any CPU.ActiveCfg = Release|Any CPU
		{BDBD6A08-BC11-470F-BB58-584ED0A7C6BD}.Release|Any CPU.Build.0 = Release|Any CPU
		{BDBD6A08-BC11-470F-BB58-584ED0A7C6BD}.Release|arm64.ActiveCfg = Release|Any CPU
		{BDBD6A08-BC11-470F-BB58-584ED0A7C6BD}.Release|arm64.Build.0 = Release|Any CPU
		{BDBD6A08-BC11-470F-BB58-584ED0A7C6BD}.Release|x64.ActiveCfg = Release|Any CPU
		{BDBD6A08-BC11-470F-BB58-584ED0A7C6BD}.Release|x64.Build.0 = Release|Any CPU
		{BDBD6A08-BC11-470F-BB58-584ED0A7C6BD}.Release|x86.ActiveCfg = Release|Any CPU
		{BDBD6A08-BC11-470F-BB58-584ED0A7C6BD}.Release|x86.Build.0 = Release|Any CPU
	EndGlobalSection
	GlobalSection(SolutionProperties) = preSolution
		HideSolutionNode = FALSE
	EndGlobalSection
	GlobalSection(NestedProjects) = preSolution
		{B14914A0-686C-439C-9073-41AD24CC494D} = {A10CF9B9-D904-4323-B987-D66E0A86460F}
		{3AB182D0-FD39-44EA-AAE3-93224A934697} = {A10CF9B9-D904-4323-B987-D66E0A86460F}
		{06C81C00-DC33-4C45-B27C-DA4740932B14} = {B14914A0-686C-439C-9073-41AD24CC494D}
		{E29AD8DB-59A3-4B82-A50D-7F783BB44CF6} = {B14914A0-686C-439C-9073-41AD24CC494D}
		{E7DA76CF-69D8-4A7F-B3DA-B5AB54AB7DBA} = {B14914A0-686C-439C-9073-41AD24CC494D}
		{3229E0AB-275E-4668-BA1C-C5FA3A2F4747} = {B14914A0-686C-439C-9073-41AD24CC494D}
		{BDBD6A08-BC11-470F-BB58-584ED0A7C6BD} = {B14914A0-686C-439C-9073-41AD24CC494D}
	EndGlobalSection
	GlobalSection(ExtensibilityGlobals) = postSolution
		SolutionGuid = {ED55E34E-F0FB-4F43-A6DC-DD015F07E3F4}
	EndGlobalSection
EndGlobal
