
Microsoft Visual Studio Solution File, Format Version 12.00
# Visual Studio Version 17
VisualStudioVersion = 17.5.33424.131
MinimumVisualStudioVersion = 10.0.40219.1
Project("{2150E333-8FDC-42A3-9474-1A3956D46DE8}") = "Platforms", "Platforms", "{31D0B3E9-A270-4FF9-8976-F69B8028DF74}"
EndProject
Project("{FAE04EC0-301F-11D3-BF4B-00C04F79EFBC}") = "UnoPlatformTesting", "UnoPlatformTesting\UnoPlatformTesting\UnoPlatformTesting.csproj", "{EC58AB60-3507-4540-BF75-4DF1CA225899}"
EndProject
Project("{FAE04EC0-301F-11D3-BF4B-00C04F79EFBC}") = "UnoPlatformTesting.Wasm", "UnoPlatformTesting\UnoPlatformTesting.Wasm\UnoPlatformTesting.Wasm.csproj", "{0A9EEE7B-1DA6-4E97-826D-9B670525AF76}"
EndProject
Project("{FAE04EC0-301F-11D3-BF4B-00C04F79EFBC}") = "UnoPlatformTesting.Mobile", "UnoPlatformTesting\UnoPlatformTesting.Mobile\UnoPlatformTesting.Mobile.csproj", "{B4EA3832-281E-42D5-862D-E3DC9018D4E4}"
EndProject
Project("{FAE04EC0-301F-11D3-BF4B-00C04F79EFBC}") = "UnoPlatformTesting.Skia.Gtk", "UnoPlatformTesting\UnoPlatformTesting.Skia.Gtk\UnoPlatformTesting.Skia.Gtk.csproj", "{AFFAC234-0816-412D-81D9-6F282BD961D7}"
EndProject
Project("{FAE04EC0-301F-11D3-BF4B-00C04F79EFBC}") = "UnoPlatformTesting.Windows", "UnoPlatformTesting\UnoPlatformTesting.Windows\UnoPlatformTesting.Windows.csproj", "{B99F81AE-6CA9-4589-933F-6CDA568D4A26}"
EndProject
Project("{FAE04EC0-301F-11D3-BF4B-00C04F79EFBC}") = "UnoPlatformTesting.Skia.Wpf", "UnoPlatformTesting\UnoPlatformTesting.Skia.Wpf\UnoPlatformTesting.Skia.Wpf.csproj", "{1C379641-4D9D-4C6E-AD8F-A059C79E7971}"
EndProject
Global
	GlobalSection(SolutionConfigurationPlatforms) = preSolution
		Debug|Any CPU = Debug|Any CPU
		Debug|arm64 = Debug|arm64
		Debug|x64 = Debug|x64
		Debug|x86 = Debug|x86
		Release|Any CPU = Release|Any CPU
		Release|arm64 = Release|arm64
		Release|x64 = Release|x64
		Release|x86 = Release|x86
	EndGlobalSection
	GlobalSection(ProjectConfigurationPlatforms) = postSolution
		{EC58AB60-3507-4540-BF75-4DF1CA225899}.Debug|Any CPU.ActiveCfg = Debug|Any CPU
		{EC58AB60-3507-4540-BF75-4DF1CA225899}.Debug|Any CPU.Build.0 = Debug|Any CPU
		{EC58AB60-3507-4540-BF75-4DF1CA225899}.Debug|arm64.ActiveCfg = Debug|Any CPU
		{EC58AB60-3507-4540-BF75-4DF1CA225899}.Debug|arm64.Build.0 = Debug|Any CPU
		{EC58AB60-3507-4540-BF75-4DF1CA225899}.Debug|x64.ActiveCfg = Debug|Any CPU
		{EC58AB60-3507-4540-BF75-4DF1CA225899}.Debug|x64.Build.0 = Debug|Any CPU
		{EC58AB60-3507-4540-BF75-4DF1CA225899}.Debug|x86.ActiveCfg = Debug|Any CPU
		{EC58AB60-3507-4540-BF75-4DF1CA225899}.Debug|x86.Build.0 = Debug|Any CPU
		{EC58AB60-3507-4540-BF75-4DF1CA225899}.Release|Any CPU.ActiveCfg = Release|Any CPU
		{EC58AB60-3507-4540-BF75-4DF1CA225899}.Release|Any CPU.Build.0 = Release|Any CPU
		{EC58AB60-3507-4540-BF75-4DF1CA225899}.Release|arm64.ActiveCfg = Release|Any CPU
		{EC58AB60-3507-4540-BF75-4DF1CA225899}.Release|arm64.Build.0 = Release|Any CPU
		{EC58AB60-3507-4540-BF75-4DF1CA225899}.Release|x64.ActiveCfg = Release|Any CPU
		{EC58AB60-3507-4540-BF75-4DF1CA225899}.Release|x64.Build.0 = Release|Any CPU
		{EC58AB60-3507-4540-BF75-4DF1CA225899}.Release|x86.ActiveCfg = Release|Any CPU
		{EC58AB60-3507-4540-BF75-4DF1CA225899}.Release|x86.Build.0 = Release|Any CPU
		{0A9EEE7B-1DA6-4E97-826D-9B670525AF76}.Debug|Any CPU.ActiveCfg = Debug|Any CPU
		{0A9EEE7B-1DA6-4E97-826D-9B670525AF76}.Debug|Any CPU.Build.0 = Debug|Any CPU
		{0A9EEE7B-1DA6-4E97-826D-9B670525AF76}.Debug|arm64.ActiveCfg = Debug|Any CPU
		{0A9EEE7B-1DA6-4E97-826D-9B670525AF76}.Debug|arm64.Build.0 = Debug|Any CPU
		{0A9EEE7B-1DA6-4E97-826D-9B670525AF76}.Debug|x64.ActiveCfg = Debug|Any CPU
		{0A9EEE7B-1DA6-4E97-826D-9B670525AF76}.Debug|x64.Build.0 = Debug|Any CPU
		{0A9EEE7B-1DA6-4E97-826D-9B670525AF76}.Debug|x86.ActiveCfg = Debug|Any CPU
		{0A9EEE7B-1DA6-4E97-826D-9B670525AF76}.Debug|x86.Build.0 = Debug|Any CPU
		{0A9EEE7B-1DA6-4E97-826D-9B670525AF76}.Release|Any CPU.ActiveCfg = Release|Any CPU
		{0A9EEE7B-1DA6-4E97-826D-9B670525AF76}.Release|Any CPU.Build.0 = Release|Any CPU
		{0A9EEE7B-1DA6-4E97-826D-9B670525AF76}.Release|arm64.ActiveCfg = Release|Any CPU
		{0A9EEE7B-1DA6-4E97-826D-9B670525AF76}.Release|arm64.Build.0 = Release|Any CPU
		{0A9EEE7B-1DA6-4E97-826D-9B670525AF76}.Release|x64.ActiveCfg = Release|Any CPU
		{0A9EEE7B-1DA6-4E97-826D-9B670525AF76}.Release|x64.Build.0 = Release|Any CPU
		{0A9EEE7B-1DA6-4E97-826D-9B670525AF76}.Release|x86.ActiveCfg = Release|Any CPU
		{0A9EEE7B-1DA6-4E97-826D-9B670525AF76}.Release|x86.Build.0 = Release|Any CPU
		{B4EA3832-281E-42D5-862D-E3DC9018D4E4}.Debug|Any CPU.ActiveCfg = Debug|Any CPU
		{B4EA3832-281E-42D5-862D-E3DC9018D4E4}.Debug|Any CPU.Build.0 = Debug|Any CPU
		{B4EA3832-281E-42D5-862D-E3DC9018D4E4}.Debug|Any CPU.Deploy.0 = Debug|Any CPU
		{B4EA3832-281E-42D5-862D-E3DC9018D4E4}.Debug|arm64.ActiveCfg = Debug|Any CPU
		{B4EA3832-281E-42D5-862D-E3DC9018D4E4}.Debug|arm64.Build.0 = Debug|Any CPU
		{B4EA3832-281E-42D5-862D-E3DC9018D4E4}.Debug|arm64.Deploy.0 = Debug|Any CPU
		{B4EA3832-281E-42D5-862D-E3DC9018D4E4}.Debug|x64.ActiveCfg = Debug|Any CPU
		{B4EA3832-281E-42D5-862D-E3DC9018D4E4}.Debug|x64.Build.0 = Debug|Any CPU
		{B4EA3832-281E-42D5-862D-E3DC9018D4E4}.Debug|x64.Deploy.0 = Debug|Any CPU
		{B4EA3832-281E-42D5-862D-E3DC9018D4E4}.Debug|x86.ActiveCfg = Debug|Any CPU
		{B4EA3832-281E-42D5-862D-E3DC9018D4E4}.Debug|x86.Build.0 = Debug|Any CPU
		{B4EA3832-281E-42D5-862D-E3DC9018D4E4}.Debug|x86.Deploy.0 = Debug|Any CPU
		{B4EA3832-281E-42D5-862D-E3DC9018D4E4}.Release|Any CPU.ActiveCfg = Release|Any CPU
		{B4EA3832-281E-42D5-862D-E3DC9018D4E4}.Release|Any CPU.Build.0 = Release|Any CPU
		{B4EA3832-281E-42D5-862D-E3DC9018D4E4}.Release|Any CPU.Deploy.0 = Release|Any CPU
		{B4EA3832-281E-42D5-862D-E3DC9018D4E4}.Release|arm64.ActiveCfg = Release|Any CPU
		{B4EA3832-281E-42D5-862D-E3DC9018D4E4}.Release|arm64.Build.0 = Release|Any CPU
		{B4EA3832-281E-42D5-862D-E3DC9018D4E4}.Release|arm64.Deploy.0 = Release|Any CPU
		{B4EA3832-281E-42D5-862D-E3DC9018D4E4}.Release|x64.ActiveCfg = Release|Any CPU
		{B4EA3832-281E-42D5-862D-E3DC9018D4E4}.Release|x64.Build.0 = Release|Any CPU
		{B4EA3832-281E-42D5-862D-E3DC9018D4E4}.Release|x64.Deploy.0 = Release|Any CPU
		{B4EA3832-281E-42D5-862D-E3DC9018D4E4}.Release|x86.ActiveCfg = Release|Any CPU
		{B4EA3832-281E-42D5-862D-E3DC9018D4E4}.Release|x86.Build.0 = Release|Any CPU
		{B4EA3832-281E-42D5-862D-E3DC9018D4E4}.Release|x86.Deploy.0 = Release|Any CPU
		{AFFAC234-0816-412D-81D9-6F282BD961D7}.Debug|Any CPU.ActiveCfg = Debug|Any CPU
		{AFFAC234-0816-412D-81D9-6F282BD961D7}.Debug|Any CPU.Build.0 = Debug|Any CPU
		{AFFAC234-0816-412D-81D9-6F282BD961D7}.Debug|arm64.ActiveCfg = Debug|Any CPU
		{AFFAC234-0816-412D-81D9-6F282BD961D7}.Debug|arm64.Build.0 = Debug|Any CPU
		{AFFAC234-0816-412D-81D9-6F282BD961D7}.Debug|x64.ActiveCfg = Debug|Any CPU
		{AFFAC234-0816-412D-81D9-6F282BD961D7}.Debug|x64.Build.0 = Debug|Any CPU
		{AFFAC234-0816-412D-81D9-6F282BD961D7}.Debug|x86.ActiveCfg = Debug|Any CPU
		{AFFAC234-0816-412D-81D9-6F282BD961D7}.Debug|x86.Build.0 = Debug|Any CPU
		{AFFAC234-0816-412D-81D9-6F282BD961D7}.Release|Any CPU.ActiveCfg = Release|Any CPU
		{AFFAC234-0816-412D-81D9-6F282BD961D7}.Release|Any CPU.Build.0 = Release|Any CPU
		{AFFAC234-0816-412D-81D9-6F282BD961D7}.Release|arm64.ActiveCfg = Release|Any CPU
		{AFFAC234-0816-412D-81D9-6F282BD961D7}.Release|arm64.Build.0 = Release|Any CPU
		{AFFAC234-0816-412D-81D9-6F282BD961D7}.Release|x64.ActiveCfg = Release|Any CPU
		{AFFAC234-0816-412D-81D9-6F282BD961D7}.Release|x64.Build.0 = Release|Any CPU
		{AFFAC234-0816-412D-81D9-6F282BD961D7}.Release|x86.ActiveCfg = Release|Any CPU
		{AFFAC234-0816-412D-81D9-6F282BD961D7}.Release|x86.Build.0 = Release|Any CPU
		{B99F81AE-6CA9-4589-933F-6CDA568D4A26}.Debug|Any CPU.ActiveCfg = Debug|x64
		{B99F81AE-6CA9-4589-933F-6CDA568D4A26}.Debug|Any CPU.Build.0 = Debug|x64
		{B99F81AE-6CA9-4589-933F-6CDA568D4A26}.Debug|Any CPU.Deploy.0 = Debug|x64
		{B99F81AE-6CA9-4589-933F-6CDA568D4A26}.Debug|arm64.ActiveCfg = Debug|arm64
		{B99F81AE-6CA9-4589-933F-6CDA568D4A26}.Debug|arm64.Build.0 = Debug|arm64
		{B99F81AE-6CA9-4589-933F-6CDA568D4A26}.Debug|arm64.Deploy.0 = Debug|arm64
		{B99F81AE-6CA9-4589-933F-6CDA568D4A26}.Debug|x64.ActiveCfg = Debug|x64
		{B99F81AE-6CA9-4589-933F-6CDA568D4A26}.Debug|x64.Build.0 = Debug|x64
		{B99F81AE-6CA9-4589-933F-6CDA568D4A26}.Debug|x64.Deploy.0 = Debug|x64
		{B99F81AE-6CA9-4589-933F-6CDA568D4A26}.Debug|x86.ActiveCfg = Debug|x86
		{B99F81AE-6CA9-4589-933F-6CDA568D4A26}.Debug|x86.Build.0 = Debug|x86
		{B99F81AE-6CA9-4589-933F-6CDA568D4A26}.Debug|x86.Deploy.0 = Debug|x86
		{B99F81AE-6CA9-4589-933F-6CDA568D4A26}.Release|Any CPU.ActiveCfg = Release|x64
		{B99F81AE-6CA9-4589-933F-6CDA568D4A26}.Release|Any CPU.Build.0 = Release|x64
		{B99F81AE-6CA9-4589-933F-6CDA568D4A26}.Release|Any CPU.Deploy.0 = Release|x64
		{B99F81AE-6CA9-4589-933F-6CDA568D4A26}.Release|arm64.ActiveCfg = Release|arm64
		{B99F81AE-6CA9-4589-933F-6CDA568D4A26}.Release|arm64.Build.0 = Release|arm64
		{B99F81AE-6CA9-4589-933F-6CDA568D4A26}.Release|arm64.Deploy.0 = Release|arm64
		{B99F81AE-6CA9-4589-933F-6CDA568D4A26}.Release|x64.ActiveCfg = Release|x64
		{B99F81AE-6CA9-4589-933F-6CDA568D4A26}.Release|x64.Build.0 = Release|x64
		{B99F81AE-6CA9-4589-933F-6CDA568D4A26}.Release|x64.Deploy.0 = Release|x64
		{B99F81AE-6CA9-4589-933F-6CDA568D4A26}.Release|x86.ActiveCfg = Release|x86
		{B99F81AE-6CA9-4589-933F-6CDA568D4A26}.Release|x86.Build.0 = Release|x86
		{B99F81AE-6CA9-4589-933F-6CDA568D4A26}.Release|x86.Deploy.0 = Release|x86
		{1C379641-4D9D-4C6E-AD8F-A059C79E7971}.Debug|Any CPU.ActiveCfg = Debug|Any CPU
		{1C379641-4D9D-4C6E-AD8F-A059C79E7971}.Debug|Any CPU.Build.0 = Debug|Any CPU
		{1C379641-4D9D-4C6E-AD8F-A059C79E7971}.Debug|arm64.ActiveCfg = Debug|Any CPU
		{1C379641-4D9D-4C6E-AD8F-A059C79E7971}.Debug|arm64.Build.0 = Debug|Any CPU
		{1C379641-4D9D-4C6E-AD8F-A059C79E7971}.Debug|x64.ActiveCfg = Debug|Any CPU
		{1C379641-4D9D-4C6E-AD8F-A059C79E7971}.Debug|x64.Build.0 = Debug|Any CPU
		{1C379641-4D9D-4C6E-AD8F-A059C79E7971}.Debug|x86.ActiveCfg = Debug|Any CPU
		{1C379641-4D9D-4C6E-AD8F-A059C79E7971}.Debug|x86.Build.0 = Debug|Any CPU
		{1C379641-4D9D-4C6E-AD8F-A059C79E7971}.Release|Any CPU.ActiveCfg = Release|Any CPU
		{1C379641-4D9D-4C6E-AD8F-A059C79E7971}.Release|Any CPU.Build.0 = Release|Any CPU
		{1C379641-4D9D-4C6E-AD8F-A059C79E7971}.Release|arm64.ActiveCfg = Release|Any CPU
		{1C379641-4D9D-4C6E-AD8F-A059C79E7971}.Release|arm64.Build.0 = Release|Any CPU
		{1C379641-4D9D-4C6E-AD8F-A059C79E7971}.Release|x64.ActiveCfg = Release|Any CPU
		{1C379641-4D9D-4C6E-AD8F-A059C79E7971}.Release|x64.Build.0 = Release|Any CPU
		{1C379641-4D9D-4C6E-AD8F-A059C79E7971}.Release|x86.ActiveCfg = Release|Any CPU
		{1C379641-4D9D-4C6E-AD8F-A059C79E7971}.Release|x86.Build.0 = Release|Any CPU
	EndGlobalSection
	GlobalSection(SolutionProperties) = preSolution
		HideSolutionNode = FALSE
	EndGlobalSection
	GlobalSection(NestedProjects) = preSolution
		{0A9EEE7B-1DA6-4E97-826D-9B670525AF76} = {31D0B3E9-A270-4FF9-8976-F69B8028DF74}
		{B4EA3832-281E-42D5-862D-E3DC9018D4E4} = {31D0B3E9-A270-4FF9-8976-F69B8028DF74}
		{AFFAC234-0816-412D-81D9-6F282BD961D7} = {31D0B3E9-A270-4FF9-8976-F69B8028DF74}
		{B99F81AE-6CA9-4589-933F-6CDA568D4A26} = {31D0B3E9-A270-4FF9-8976-F69B8028DF74}
		{1C379641-4D9D-4C6E-AD8F-A059C79E7971} = {31D0B3E9-A270-4FF9-8976-F69B8028DF74}
	EndGlobalSection
	GlobalSection(ExtensibilityGlobals) = postSolution
		SolutionGuid = {2EFE7361-B8E7-4226-B00B-B73F5FE5717D}
	EndGlobalSection
EndGlobal
